
Microsoft Visual Studio Solution File, Format Version 12.00
# Visual Studio Version 16
VisualStudioVersion = 16.0.30717.126
MinimumVisualStudioVersion = 10.0.40219.1
Project("{9A19103F-16F7-4668-BE54-9A1E7A4F7556}") = "ZemogaPost.WebApplication", "ZemogaPost.WebApplication.csproj", "{5CBEB14C-BFD7-4091-B5F1-B58711552BC2}"
EndProject
Global
	GlobalSection(SolutionConfigurationPlatforms) = preSolution
		Debug|Any CPU = Debug|Any CPU
		Release|Any CPU = Release|Any CPU
	EndGlobalSection
	GlobalSection(ProjectConfigurationPlatforms) = postSolution
		{5CBEB14C-BFD7-4091-B5F1-B58711552BC2}.Debug|Any CPU.ActiveCfg = Debug|Any CPU
		{5CBEB14C-BFD7-4091-B5F1-B58711552BC2}.Debug|Any CPU.Build.0 = Debug|Any CPU
		{5CBEB14C-BFD7-4091-B5F1-B58711552BC2}.Release|Any CPU.ActiveCfg = Release|Any CPU
		{5CBEB14C-BFD7-4091-B5F1-B58711552BC2}.Release|Any CPU.Build.0 = Release|Any CPU
	EndGlobalSection
	GlobalSection(SolutionProperties) = preSolution
		HideSolutionNode = FALSE
	EndGlobalSection
	GlobalSection(ExtensibilityGlobals) = postSolution
		SolutionGuid = {F5DBE5D2-4A9F-4090-B034-DE450B4BD7BD}
	EndGlobalSection
EndGlobal
